
Microsoft Visual Studio Solution File, Format Version 12.00
# Visual Studio Version 16
VisualStudioVersion = 16.0.31205.134
MinimumVisualStudioVersion = 10.0.40219.1
Project("{FAE04EC0-301F-11D3-BF4B-00C04F79EFBC}") = "DatingApp", "DatingApp\DatingApp.csproj", "{0A42305B-B9AF-49F7-AEB6-F7D3435204AF}"
EndProject
Global
	GlobalSection(SolutionConfigurationPlatforms) = preSolution
		Debug|Any CPU = Debug|Any CPU
		Release|Any CPU = Release|Any CPU
	EndGlobalSection
	GlobalSection(ProjectConfigurationPlatforms) = postSolution
		{0A42305B-B9AF-49F7-AEB6-F7D3435204AF}.Debug|Any CPU.ActiveCfg = Debug|Any CPU
		{0A42305B-B9AF-49F7-AEB6-F7D3435204AF}.Debug|Any CPU.Build.0 = Debug|Any CPU
		{0A42305B-B9AF-49F7-AEB6-F7D3435204AF}.Release|Any CPU.ActiveCfg = Release|Any CPU
		{0A42305B-B9AF-49F7-AEB6-F7D3435204AF}.Release|Any CPU.Build.0 = Release|Any CPU
	EndGlobalSection
	GlobalSection(SolutionProperties) = preSolution
		HideSolutionNode = FALSE
	EndGlobalSection
	GlobalSection(ExtensibilityGlobals) = postSolution
		SolutionGuid = {B49C3466-0C1F-4EF3-A112-E231F024A701}
	EndGlobalSection
EndGlobal
